{
  "originHash" : "a13625315c2e8d855894c77a382f104b7f764923f3bfeae1f63a8d0aad923586",
  "pins" : [
    {
      "identity" : "fxpagecontrol",
      "kind" : "remoteSourceControl",
      "location" : "https://github.com/nicklockwood/FXPageControl.git",
      "state" : {
        "revision" : "a94633402ba98c52f86c2a70e61ff086dec9de78",
        "version" : "1.6.0"
      }
    },
    {
      "identity" : "xlpagertabstrip",
      "kind" : "remoteSourceControl",
      "location" : "https://github.com/prongbang/XLPagerTabStrip.git",
      "state" : {
        "branch" : "improve/support-spm",
        "revision" : "b4b7e1d436ce84dff50d9ebacbdac3b07aa99eef"
      }
    }
  ],
  "version" : 3
}
